// !$*UTF8*$!
{
	archiveVersion = 1;
	classes = {
	};
	objectVersion = 46;
	objects = {

/* Begin PBXBuildFile section */
		3C856D5EBCDA9ED05C3F18F3 /* Pods_todoappgame.framework in Frameworks */ = {isa = PBXBuildFile; fileRef = 422EB8DDFF472C4573CE9D97 /* Pods_todoappgame.framework */; };
		750DF2B71CDCE53C0085CB22 /* Task+CoreDataProperties.swift in Sources */ = {isa = PBXBuildFile; fileRef = 750DF2B51CDCE53C0085CB22 /* Task+CoreDataProperties.swift */; };
		750DF2B81CDCE53C0085CB22 /* Task.swift in Sources */ = {isa = PBXBuildFile; fileRef = 750DF2B61CDCE53C0085CB22 /* Task.swift */; };
		750DF2BB1CDCEA7E0085CB22 /* data.yml in Resources */ = {isa = PBXBuildFile; fileRef = 750DF2BA1CDCEA7E0085CB22 /* data.yml */; };
		750DF2BD1CDCEBE40085CB22 /* data.json in Resources */ = {isa = PBXBuildFile; fileRef = 750DF2BC1CDCEBE40085CB22 /* data.json */; };
		750DF2BF1CDCFF930085CB22 /* CollectionType+Shuffle.swift in Sources */ = {isa = PBXBuildFile; fileRef = 750DF2BE1CDCFF930085CB22 /* CollectionType+Shuffle.swift */; };
		750DF2C21CDD036E0085CB22 /* ScoreView.swift in Sources */ = {isa = PBXBuildFile; fileRef = 750DF2C11CDD036E0085CB22 /* ScoreView.swift */; };
		750DF2C41CDD04170085CB22 /* MainNavigationController.swift in Sources */ = {isa = PBXBuildFile; fileRef = 750DF2C31CDD04170085CB22 /* MainNavigationController.swift */; };
		750DF2C81CDD088D0085CB22 /* AnimationWindow.swift in Sources */ = {isa = PBXBuildFile; fileRef = 750DF2C71CDD088D0085CB22 /* AnimationWindow.swift */; };
		750DF2CA1CDD08B60085CB22 /* PointsParticleAnimation.swift in Sources */ = {isa = PBXBuildFile; fileRef = 750DF2C91CDD08B60085CB22 /* PointsParticleAnimation.swift */; };
		750DF2CD1CDD0E7D0085CB22 /* Notifications.swift in Sources */ = {isa = PBXBuildFile; fileRef = 750DF2CC1CDD0E7D0085CB22 /* Notifications.swift */; };
		7529C1451CDE3E4B00EC2E5F /* SubtaskCell.swift in Sources */ = {isa = PBXBuildFile; fileRef = 7529C1441CDE3E4B00EC2E5F /* SubtaskCell.swift */; };
		7529C1471CDE3E6100EC2E5F /* SaveCell.swift in Sources */ = {isa = PBXBuildFile; fileRef = 7529C1461CDE3E6100EC2E5F /* SaveCell.swift */; };
		7529C14B1CDEA69500EC2E5F /* Colors.swift in Sources */ = {isa = PBXBuildFile; fileRef = 7529C14A1CDEA69500EC2E5F /* Colors.swift */; };
		7529C14D1CDEAEEC00EC2E5F /* Int+Radians.swift in Sources */ = {isa = PBXBuildFile; fileRef = 7529C14C1CDEAEEC00EC2E5F /* Int+Radians.swift */; };
		7529C14F1CDEB49E00EC2E5F /* Score.swift in Sources */ = {isa = PBXBuildFile; fileRef = 7529C14E1CDEB49E00EC2E5F /* Score.swift */; };
		7543C92D1CDD139800E0E180 /* BorderedButton.swift in Sources */ = {isa = PBXBuildFile; fileRef = 7543C92C1CDD139800E0E180 /* BorderedButton.swift */; };
		7543C92F1CDD141A00E0E180 /* IntroductionViewController.swift in Sources */ = {isa = PBXBuildFile; fileRef = 7543C92E1CDD141A00E0E180 /* IntroductionViewController.swift */; };
		7543C9341CDD152300E0E180 /* PartialModalPresentationController.swift in Sources */ = {isa = PBXBuildFile; fileRef = 7543C9311CDD152300E0E180 /* PartialModalPresentationController.swift */; };
		7543C9351CDD152300E0E180 /* PartialModalTransitioner.swift in Sources */ = {isa = PBXBuildFile; fileRef = 7543C9321CDD152300E0E180 /* PartialModalTransitioner.swift */; };
		7543C9361CDD152300E0E180 /* PartialModalAnimatedTransitioning.swift in Sources */ = {isa = PBXBuildFile; fileRef = 7543C9331CDD152300E0E180 /* PartialModalAnimatedTransitioning.swift */; };
		7543C9381CDD172000E0E180 /* StoryboardReference.swift in Sources */ = {isa = PBXBuildFile; fileRef = 7543C9371CDD172000E0E180 /* StoryboardReference.swift */; };
		7543C93A1CDD19F600E0E180 /* PauseViewController.swift in Sources */ = {isa = PBXBuildFile; fileRef = 7543C9391CDD19F600E0E180 /* PauseViewController.swift */; };
		7543C93C1CDD1A1C00E0E180 /* GameOverViewController.swift in Sources */ = {isa = PBXBuildFile; fileRef = 7543C93B1CDD1A1C00E0E180 /* GameOverViewController.swift */; };
		7543C93F1CDD1B2C00E0E180 /* MenuViewController.swift in Sources */ = {isa = PBXBuildFile; fileRef = 7543C93E1CDD1B2C00E0E180 /* MenuViewController.swift */; };
		7543C9641CDD27C700E0E180 /* GameStatusView.xib in Resources */ = {isa = PBXBuildFile; fileRef = 7543C9631CDD27C700E0E180 /* GameStatusView.xib */; };
		7543C9661CDD290500E0E180 /* GameStatusView.swift in Sources */ = {isa = PBXBuildFile; fileRef = 7543C9651CDD290500E0E180 /* GameStatusView.swift */; };
		7543C9681CDD29D600E0E180 /* Game.swift in Sources */ = {isa = PBXBuildFile; fileRef = 7543C9671CDD29D600E0E180 /* Game.swift */; };
		7543C9721CDD539400E0E180 /* chime_done.wav in Resources */ = {isa = PBXBuildFile; fileRef = 7543C96D1CDD539400E0E180 /* chime_done.wav */; };
		7543C9731CDD539400E0E180 /* chime_game_over.wav in Resources */ = {isa = PBXBuildFile; fileRef = 7543C96E1CDD539400E0E180 /* chime_game_over.wav */; };
		7543C9741CDD539400E0E180 /* chime_pause.wav in Resources */ = {isa = PBXBuildFile; fileRef = 7543C96F1CDD539400E0E180 /* chime_pause.wav */; };
		7543C9751CDD539400E0E180 /* chime_point.wav in Resources */ = {isa = PBXBuildFile; fileRef = 7543C9701CDD539400E0E180 /* chime_point.wav */; };
		7543C9761CDD539400E0E180 /* chime_start.wav in Resources */ = {isa = PBXBuildFile; fileRef = 7543C9711CDD539400E0E180 /* chime_start.wav */; };
		7543C9781CDD53A900E0E180 /* Chirp.swift in Sources */ = {isa = PBXBuildFile; fileRef = 7543C9771CDD53A900E0E180 /* Chirp.swift */; };
		7543C97B1CDD66AE00E0E180 /* TaskCell.swift in Sources */ = {isa = PBXBuildFile; fileRef = 7543C97A1CDD66AE00E0E180 /* TaskCell.swift */; };
		755186941CDEE61B00B8AF56 /* etc_error_swipe_1x.wav in Resources */ = {isa = PBXBuildFile; fileRef = 755186931CDEE61B00B8AF56 /* etc_error_swipe_1x.wav */; };
		755186961CDEED9500B8AF56 /* chime_clickbell_question.wav in Resources */ = {isa = PBXBuildFile; fileRef = 755186951CDEED9500B8AF56 /* chime_clickbell_question.wav */; };
		755186981CDEEEEA00B8AF56 /* chime_clickbell_octave_lo.wav in Resources */ = {isa = PBXBuildFile; fileRef = 755186971CDEEEEA00B8AF56 /* chime_clickbell_octave_lo.wav */; };
		7551869A1CDEEFF200B8AF56 /* chime_lite_ding_hi2.wav in Resources */ = {isa = PBXBuildFile; fileRef = 755186991CDEEFF200B8AF56 /* chime_lite_ding_hi2.wav */; };
		756085501CDC36C1000B4199 /* AppDelegate.swift in Sources */ = {isa = PBXBuildFile; fileRef = 7560854F1CDC36C1000B4199 /* AppDelegate.swift */; };
		756085531CDC36C1000B4199 /* todoappgame.xcdatamodeld in Sources */ = {isa = PBXBuildFile; fileRef = 756085511CDC36C1000B4199 /* todoappgame.xcdatamodeld */; };
		756085551CDC36C2000B4199 /* MasterViewController.swift in Sources */ = {isa = PBXBuildFile; fileRef = 756085541CDC36C2000B4199 /* MasterViewController.swift */; };
		756085571CDC36C2000B4199 /* DetailViewController.swift in Sources */ = {isa = PBXBuildFile; fileRef = 756085561CDC36C2000B4199 /* DetailViewController.swift */; };
		7560855A1CDC36C2000B4199 /* Main.storyboard in Resources */ = {isa = PBXBuildFile; fileRef = 756085581CDC36C2000B4199 /* Main.storyboard */; };
		7560855C1CDC36C2000B4199 /* Assets.xcassets in Resources */ = {isa = PBXBuildFile; fileRef = 7560855B1CDC36C2000B4199 /* Assets.xcassets */; };
		7560855F1CDC36C2000B4199 /* LaunchScreen.storyboard in Resources */ = {isa = PBXBuildFile; fileRef = 7560855D1CDC36C2000B4199 /* LaunchScreen.storyboard */; };
		75D51A601CDD9A2000942B20 /* Timer.swift in Sources */ = {isa = PBXBuildFile; fileRef = 75D51A5F1CDD9A2000942B20 /* Timer.swift */; };
		75ED7C8F1CDF905F00A3D90C /* TaskManager.swift in Sources */ = {isa = PBXBuildFile; fileRef = 75ED7C8E1CDF905F00A3D90C /* TaskManager.swift */; };
/* End PBXBuildFile section */

/* Begin PBXFileReference section */
		422EB8DDFF472C4573CE9D97 /* Pods_todoappgame.framework */ = {isa = PBXFileReference; explicitFileType = wrapper.framework; includeInIndex = 0; path = Pods_todoappgame.framework; sourceTree = BUILT_PRODUCTS_DIR; };
		6377B922A9F5B4B18F70B49D /* Pods-todoappgame.debug.xcconfig */ = {isa = PBXFileReference; includeInIndex = 1; lastKnownFileType = text.xcconfig; name = "Pods-todoappgame.debug.xcconfig"; path = "Pods/Target Support Files/Pods-todoappgame/Pods-todoappgame.debug.xcconfig"; sourceTree = "<group>"; };
		750DF2B51CDCE53C0085CB22 /* Task+CoreDataProperties.swift */ = {isa = PBXFileReference; fileEncoding = 4; lastKnownFileType = sourcecode.swift; path = "Task+CoreDataProperties.swift"; sourceTree = "<group>"; };
		750DF2B61CDCE53C0085CB22 /* Task.swift */ = {isa = PBXFileReference; fileEncoding = 4; lastKnownFileType = sourcecode.swift; path = Task.swift; sourceTree = "<group>"; };
		750DF2BA1CDCEA7E0085CB22 /* data.yml */ = {isa = PBXFileReference; fileEncoding = 4; lastKnownFileType = text; path = data.yml; sourceTree = "<group>"; };
		750DF2BC1CDCEBE40085CB22 /* data.json */ = {isa = PBXFileReference; fileEncoding = 4; lastKnownFileType = text.json; path = data.json; sourceTree = "<group>"; };
		750DF2BE1CDCFF930085CB22 /* CollectionType+Shuffle.swift */ = {isa = PBXFileReference; fileEncoding = 4; lastKnownFileType = sourcecode.swift; path = "CollectionType+Shuffle.swift"; sourceTree = "<group>"; };
		750DF2C11CDD036E0085CB22 /* ScoreView.swift */ = {isa = PBXFileReference; fileEncoding = 4; lastKnownFileType = sourcecode.swift; path = ScoreView.swift; sourceTree = "<group>"; };
		750DF2C31CDD04170085CB22 /* MainNavigationController.swift */ = {isa = PBXFileReference; fileEncoding = 4; lastKnownFileType = sourcecode.swift; path = MainNavigationController.swift; sourceTree = "<group>"; };
		750DF2C71CDD088D0085CB22 /* AnimationWindow.swift */ = {isa = PBXFileReference; fileEncoding = 4; lastKnownFileType = sourcecode.swift; path = AnimationWindow.swift; sourceTree = "<group>"; };
		750DF2C91CDD08B60085CB22 /* PointsParticleAnimation.swift */ = {isa = PBXFileReference; fileEncoding = 4; lastKnownFileType = sourcecode.swift; path = PointsParticleAnimation.swift; sourceTree = "<group>"; };
		750DF2CC1CDD0E7D0085CB22 /* Notifications.swift */ = {isa = PBXFileReference; fileEncoding = 4; lastKnownFileType = sourcecode.swift; path = Notifications.swift; sourceTree = "<group>"; };
		7529C1441CDE3E4B00EC2E5F /* SubtaskCell.swift */ = {isa = PBXFileReference; fileEncoding = 4; lastKnownFileType = sourcecode.swift; path = SubtaskCell.swift; sourceTree = "<group>"; };
		7529C1461CDE3E6100EC2E5F /* SaveCell.swift */ = {isa = PBXFileReference; fileEncoding = 4; lastKnownFileType = sourcecode.swift; path = SaveCell.swift; sourceTree = "<group>"; };
		7529C14A1CDEA69500EC2E5F /* Colors.swift */ = {isa = PBXFileReference; fileEncoding = 4; lastKnownFileType = sourcecode.swift; path = Colors.swift; sourceTree = "<group>"; };
		7529C14C1CDEAEEC00EC2E5F /* Int+Radians.swift */ = {isa = PBXFileReference; fileEncoding = 4; lastKnownFileType = sourcecode.swift; path = "Int+Radians.swift"; sourceTree = "<group>"; };
		7529C14E1CDEB49E00EC2E5F /* Score.swift */ = {isa = PBXFileReference; fileEncoding = 4; lastKnownFileType = sourcecode.swift; path = Score.swift; sourceTree = "<group>"; };
		7543C92C1CDD139800E0E180 /* BorderedButton.swift */ = {isa = PBXFileReference; fileEncoding = 4; lastKnownFileType = sourcecode.swift; path = BorderedButton.swift; sourceTree = "<group>"; };
		7543C92E1CDD141A00E0E180 /* IntroductionViewController.swift */ = {isa = PBXFileReference; fileEncoding = 4; lastKnownFileType = sourcecode.swift; path = IntroductionViewController.swift; sourceTree = "<group>"; };
		7543C9311CDD152300E0E180 /* PartialModalPresentationController.swift */ = {isa = PBXFileReference; fileEncoding = 4; lastKnownFileType = sourcecode.swift; path = PartialModalPresentationController.swift; sourceTree = "<group>"; };
		7543C9321CDD152300E0E180 /* PartialModalTransitioner.swift */ = {isa = PBXFileReference; fileEncoding = 4; lastKnownFileType = sourcecode.swift; path = PartialModalTransitioner.swift; sourceTree = "<group>"; };
		7543C9331CDD152300E0E180 /* PartialModalAnimatedTransitioning.swift */ = {isa = PBXFileReference; fileEncoding = 4; lastKnownFileType = sourcecode.swift; path = PartialModalAnimatedTransitioning.swift; sourceTree = "<group>"; };
		7543C9371CDD172000E0E180 /* StoryboardReference.swift */ = {isa = PBXFileReference; fileEncoding = 4; lastKnownFileType = sourcecode.swift; path = StoryboardReference.swift; sourceTree = "<group>"; };
		7543C9391CDD19F600E0E180 /* PauseViewController.swift */ = {isa = PBXFileReference; fileEncoding = 4; lastKnownFileType = sourcecode.swift; path = PauseViewController.swift; sourceTree = "<group>"; };
		7543C93B1CDD1A1C00E0E180 /* GameOverViewController.swift */ = {isa = PBXFileReference; fileEncoding = 4; lastKnownFileType = sourcecode.swift; path = GameOverViewController.swift; sourceTree = "<group>"; };
		7543C93E1CDD1B2C00E0E180 /* MenuViewController.swift */ = {isa = PBXFileReference; fileEncoding = 4; lastKnownFileType = sourcecode.swift; path = MenuViewController.swift; sourceTree = "<group>"; };
		7543C9631CDD27C700E0E180 /* GameStatusView.xib */ = {isa = PBXFileReference; fileEncoding = 4; lastKnownFileType = file.xib; path = GameStatusView.xib; sourceTree = "<group>"; };
		7543C9651CDD290500E0E180 /* GameStatusView.swift */ = {isa = PBXFileReference; fileEncoding = 4; lastKnownFileType = sourcecode.swift; path = GameStatusView.swift; sourceTree = "<group>"; };
		7543C9671CDD29D600E0E180 /* Game.swift */ = {isa = PBXFileReference; fileEncoding = 4; lastKnownFileType = sourcecode.swift; path = Game.swift; sourceTree = "<group>"; };
		7543C96D1CDD539400E0E180 /* chime_done.wav */ = {isa = PBXFileReference; lastKnownFileType = audio.wav; path = chime_done.wav; sourceTree = "<group>"; };
		7543C96E1CDD539400E0E180 /* chime_game_over.wav */ = {isa = PBXFileReference; lastKnownFileType = audio.wav; path = chime_game_over.wav; sourceTree = "<group>"; };
		7543C96F1CDD539400E0E180 /* chime_pause.wav */ = {isa = PBXFileReference; lastKnownFileType = audio.wav; path = chime_pause.wav; sourceTree = "<group>"; };
		7543C9701CDD539400E0E180 /* chime_point.wav */ = {isa = PBXFileReference; lastKnownFileType = audio.wav; path = chime_point.wav; sourceTree = "<group>"; };
		7543C9711CDD539400E0E180 /* chime_start.wav */ = {isa = PBXFileReference; lastKnownFileType = audio.wav; path = chime_start.wav; sourceTree = "<group>"; };
		7543C9771CDD53A900E0E180 /* Chirp.swift */ = {isa = PBXFileReference; fileEncoding = 4; lastKnownFileType = sourcecode.swift; path = Chirp.swift; sourceTree = "<group>"; };
		7543C97A1CDD66AE00E0E180 /* TaskCell.swift */ = {isa = PBXFileReference; fileEncoding = 4; lastKnownFileType = sourcecode.swift; path = TaskCell.swift; sourceTree = "<group>"; };
		755186931CDEE61B00B8AF56 /* etc_error_swipe_1x.wav */ = {isa = PBXFileReference; lastKnownFileType = audio.wav; path = etc_error_swipe_1x.wav; sourceTree = "<group>"; };
		755186951CDEED9500B8AF56 /* chime_clickbell_question.wav */ = {isa = PBXFileReference; lastKnownFileType = audio.wav; path = chime_clickbell_question.wav; sourceTree = "<group>"; };
		755186971CDEEEEA00B8AF56 /* chime_clickbell_octave_lo.wav */ = {isa = PBXFileReference; lastKnownFileType = audio.wav; path = chime_clickbell_octave_lo.wav; sourceTree = "<group>"; };
		755186991CDEEFF200B8AF56 /* chime_lite_ding_hi2.wav */ = {isa = PBXFileReference; lastKnownFileType = audio.wav; path = chime_lite_ding_hi2.wav; sourceTree = "<group>"; };
		7560854C1CDC36C1000B4199 /* todoappgame.app */ = {isa = PBXFileReference; explicitFileType = wrapper.application; includeInIndex = 0; path = todoappgame.app; sourceTree = BUILT_PRODUCTS_DIR; };
		7560854F1CDC36C1000B4199 /* AppDelegate.swift */ = {isa = PBXFileReference; lastKnownFileType = sourcecode.swift; path = AppDelegate.swift; sourceTree = "<group>"; };
		756085521CDC36C1000B4199 /* todoappgame.xcdatamodel */ = {isa = PBXFileReference; lastKnownFileType = wrapper.xcdatamodel; path = todoappgame.xcdatamodel; sourceTree = "<group>"; };
		756085541CDC36C2000B4199 /* MasterViewController.swift */ = {isa = PBXFileReference; lastKnownFileType = sourcecode.swift; path = MasterViewController.swift; sourceTree = "<group>"; };
		756085561CDC36C2000B4199 /* DetailViewController.swift */ = {isa = PBXFileReference; lastKnownFileType = sourcecode.swift; path = DetailViewController.swift; sourceTree = "<group>"; };
		756085591CDC36C2000B4199 /* Base */ = {isa = PBXFileReference; lastKnownFileType = file.storyboard; name = Base; path = Base.lproj/Main.storyboard; sourceTree = "<group>"; };
		7560855B1CDC36C2000B4199 /* Assets.xcassets */ = {isa = PBXFileReference; lastKnownFileType = folder.assetcatalog; path = Assets.xcassets; sourceTree = "<group>"; };
		7560855E1CDC36C2000B4199 /* Base */ = {isa = PBXFileReference; lastKnownFileType = file.storyboard; name = Base; path = Base.lproj/LaunchScreen.storyboard; sourceTree = "<group>"; };
		756085601CDC36C2000B4199 /* Info.plist */ = {isa = PBXFileReference; lastKnownFileType = text.plist.xml; path = Info.plist; sourceTree = "<group>"; };
		75D51A5F1CDD9A2000942B20 /* Timer.swift */ = {isa = PBXFileReference; fileEncoding = 4; lastKnownFileType = sourcecode.swift; path = Timer.swift; sourceTree = "<group>"; };
		75ED7C8E1CDF905F00A3D90C /* TaskManager.swift */ = {isa = PBXFileReference; fileEncoding = 4; lastKnownFileType = sourcecode.swift; path = TaskManager.swift; sourceTree = "<group>"; };
		F0466DA7D813C19DC4CD9CE5 /* Pods-todoappgame.release.xcconfig */ = {isa = PBXFileReference; includeInIndex = 1; lastKnownFileType = text.xcconfig; name = "Pods-todoappgame.release.xcconfig"; path = "Pods/Target Support Files/Pods-todoappgame/Pods-todoappgame.release.xcconfig"; sourceTree = "<group>"; };
/* End PBXFileReference section */

/* Begin PBXFrameworksBuildPhase section */
		756085491CDC36C1000B4199 /* Frameworks */ = {
			isa = PBXFrameworksBuildPhase;
			buildActionMask = 2147483647;
			files = (
				3C856D5EBCDA9ED05C3F18F3 /* Pods_todoappgame.framework in Frameworks */,
			);
			runOnlyForDeploymentPostprocessing = 0;
		};
/* End PBXFrameworksBuildPhase section */

/* Begin PBXGroup section */
		21EDCEF8C44A3D60CED52647 /* Pods */ = {
			isa = PBXGroup;
			children = (
				6377B922A9F5B4B18F70B49D /* Pods-todoappgame.debug.xcconfig */,
				F0466DA7D813C19DC4CD9CE5 /* Pods-todoappgame.release.xcconfig */,
			);
			name = Pods;
			sourceTree = "<group>";
		};
		3A087385F734CD8B2DED44B7 /* Frameworks */ = {
			isa = PBXGroup;
			children = (
				422EB8DDFF472C4573CE9D97 /* Pods_todoappgame.framework */,
			);
			name = Frameworks;
			sourceTree = "<group>";
		};
		750DF2B91CDCEA5D0085CB22 /* Models */ = {
			isa = PBXGroup;
			children = (
				750DF2BC1CDCEBE40085CB22 /* data.json */,
				756085511CDC36C1000B4199 /* todoappgame.xcdatamodeld */,
				750DF2B51CDCE53C0085CB22 /* Task+CoreDataProperties.swift */,
				750DF2B61CDCE53C0085CB22 /* Task.swift */,
				750DF2BA1CDCEA7E0085CB22 /* data.yml */,
			);
			name = Models;
			sourceTree = "<group>";
		};
		750DF2C01CDD035D0085CB22 /* Views */ = {
			isa = PBXGroup;
			children = (
				7543C9791CDD669E00E0E180 /* Cells */,
				750DF2C61CDD08770085CB22 /* Effects */,
				750DF2C11CDD036E0085CB22 /* ScoreView.swift */,
				7543C9631CDD27C700E0E180 /* GameStatusView.xib */,
				7543C9651CDD290500E0E180 /* GameStatusView.swift */,
			);
			name = Views;
			sourceTree = "<group>";
		};
		750DF2C51CDD04230085CB22 /* Controllers */ = {
			isa = PBXGroup;
			children = (
				7543C93D1CDD1B1600E0E180 /* Menu View Controllers */,
				7543C9301CDD14F400E0E180 /* Partial Modal */,
				750DF2C31CDD04170085CB22 /* MainNavigationController.swift */,
				756085541CDC36C2000B4199 /* MasterViewController.swift */,
				756085561CDC36C2000B4199 /* DetailViewController.swift */,
			);
			name = Controllers;
			sourceTree = "<group>";
		};
		750DF2C61CDD08770085CB22 /* Effects */ = {
			isa = PBXGroup;
			children = (
				750DF2C71CDD088D0085CB22 /* AnimationWindow.swift */,
				750DF2C91CDD08B60085CB22 /* PointsParticleAnimation.swift */,
			);
			name = Effects;
			sourceTree = "<group>";
		};
		750DF2CB1CDD0E6A0085CB22 /* Services */ = {
			isa = PBXGroup;
			children = (
				750DF2CC1CDD0E7D0085CB22 /* Notifications.swift */,
				7543C9671CDD29D600E0E180 /* Game.swift */,
				75D51A5F1CDD9A2000942B20 /* Timer.swift */,
				7529C14A1CDEA69500EC2E5F /* Colors.swift */,
				7529C14E1CDEB49E00EC2E5F /* Score.swift */,
				75ED7C8E1CDF905F00A3D90C /* TaskManager.swift */,
			);
			name = Services;
			sourceTree = "<group>";
		};
		7543C92B1CDD138900E0E180 /* Helpers */ = {
			isa = PBXGroup;
			children = (
				7543C9371CDD172000E0E180 /* StoryboardReference.swift */,
				7543C92C1CDD139800E0E180 /* BorderedButton.swift */,
				750DF2BE1CDCFF930085CB22 /* CollectionType+Shuffle.swift */,
				7529C14C1CDEAEEC00EC2E5F /* Int+Radians.swift */,
			);
			name = Helpers;
			sourceTree = "<group>";
		};
		7543C9301CDD14F400E0E180 /* Partial Modal */ = {
			isa = PBXGroup;
			children = (
				7543C9311CDD152300E0E180 /* PartialModalPresentationController.swift */,
				7543C9321CDD152300E0E180 /* PartialModalTransitioner.swift */,
				7543C9331CDD152300E0E180 /* PartialModalAnimatedTransitioning.swift */,
			);
			name = "Partial Modal";
			sourceTree = "<group>";
		};
		7543C93D1CDD1B1600E0E180 /* Menu View Controllers */ = {
			isa = PBXGroup;
			children = (
				7543C93E1CDD1B2C00E0E180 /* MenuViewController.swift */,
				7543C92E1CDD141A00E0E180 /* IntroductionViewController.swift */,
				7543C9391CDD19F600E0E180 /* PauseViewController.swift */,
				7543C93B1CDD1A1C00E0E180 /* GameOverViewController.swift */,
			);
			name = "Menu View Controllers";
			sourceTree = "<group>";
		};
		7543C96B1CDD537700E0E180 /* Sound */ = {
			isa = PBXGroup;
			children = (
				7543C9771CDD53A900E0E180 /* Chirp.swift */,
				7543C96C1CDD538100E0E180 /* Assets */,
			);
			name = Sound;
			sourceTree = "<group>";
		};
		7543C96C1CDD538100E0E180 /* Assets */ = {
			isa = PBXGroup;
			children = (
				755186991CDEEFF200B8AF56 /* chime_lite_ding_hi2.wav */,
				755186971CDEEEEA00B8AF56 /* chime_clickbell_octave_lo.wav */,
				755186951CDEED9500B8AF56 /* chime_clickbell_question.wav */,
				755186931CDEE61B00B8AF56 /* etc_error_swipe_1x.wav */,
				7543C96D1CDD539400E0E180 /* chime_done.wav */,
				7543C96E1CDD539400E0E180 /* chime_game_over.wav */,
				7543C96F1CDD539400E0E180 /* chime_pause.wav */,
				7543C9701CDD539400E0E180 /* chime_point.wav */,
				7543C9711CDD539400E0E180 /* chime_start.wav */,
			);
			name = Assets;
			sourceTree = "<group>";
		};
		7543C9791CDD669E00E0E180 /* Cells */ = {
			isa = PBXGroup;
			children = (
				7543C97A1CDD66AE00E0E180 /* TaskCell.swift */,
				7529C1441CDE3E4B00EC2E5F /* SubtaskCell.swift */,
				7529C1461CDE3E6100EC2E5F /* SaveCell.swift */,
			);
			name = Cells;
			sourceTree = "<group>";
		};
		756085431CDC36C1000B4199 = {
			isa = PBXGroup;
			children = (
				7560854E1CDC36C1000B4199 /* todoappgame */,
				7560854D1CDC36C1000B4199 /* Products */,
				21EDCEF8C44A3D60CED52647 /* Pods */,
				3A087385F734CD8B2DED44B7 /* Frameworks */,
			);
			sourceTree = "<group>";
		};
		7560854D1CDC36C1000B4199 /* Products */ = {
			isa = PBXGroup;
			children = (
				7560854C1CDC36C1000B4199 /* todoappgame.app */,
			);
			name = Products;
			sourceTree = "<group>";
		};
		7560854E1CDC36C1000B4199 /* todoappgame */ = {
			isa = PBXGroup;
			children = (
				750DF2CB1CDD0E6A0085CB22 /* Services */,
				7543C92B1CDD138900E0E180 /* Helpers */,
				7543C96B1CDD537700E0E180 /* Sound */,
				750DF2C51CDD04230085CB22 /* Controllers */,
				750DF2C01CDD035D0085CB22 /* Views */,
				750DF2B91CDCEA5D0085CB22 /* Models */,
				7560854F1CDC36C1000B4199 /* AppDelegate.swift */,
				756085581CDC36C2000B4199 /* Main.storyboard */,
				7560855B1CDC36C2000B4199 /* Assets.xcassets */,
				7560855D1CDC36C2000B4199 /* LaunchScreen.storyboard */,
				756085601CDC36C2000B4199 /* Info.plist */,
			);
			path = todoappgame;
			sourceTree = "<group>";
		};
/* End PBXGroup section */

/* Begin PBXNativeTarget section */
		7560854B1CDC36C1000B4199 /* todoappgame */ = {
			isa = PBXNativeTarget;
			buildConfigurationList = 756085631CDC36C2000B4199 /* Build configuration list for PBXNativeTarget "todoappgame" */;
			buildPhases = (
				A0153706EF1A517A63A69ECF /* Check Pods Manifest.lock */,
				756085481CDC36C1000B4199 /* Sources */,
				756085491CDC36C1000B4199 /* Frameworks */,
				7560854A1CDC36C1000B4199 /* Resources */,
				D68C2BD31677C7FDC1990169 /* Embed Pods Frameworks */,
				B631C6B0FE8779D704D4A973 /* Copy Pods Resources */,
			);
			buildRules = (
			);
			dependencies = (
			);
			name = todoappgame;
			productName = todoappgame;
			productReference = 7560854C1CDC36C1000B4199 /* todoappgame.app */;
			productType = "com.apple.product-type.application";
		};
/* End PBXNativeTarget section */

/* Begin PBXProject section */
		756085441CDC36C1000B4199 /* Project object */ = {
			isa = PBXProject;
			attributes = {
				LastSwiftUpdateCheck = 0730;
				LastUpgradeCheck = 0730;
				ORGANIZATIONNAME = "Kyle Newsome";
				TargetAttributes = {
					7560854B1CDC36C1000B4199 = {
						CreatedOnToolsVersion = 7.3;
						DevelopmentTeam = 334Q375TSA;
					};
				};
			};
			buildConfigurationList = 756085471CDC36C1000B4199 /* Build configuration list for PBXProject "todoappgame" */;
			compatibilityVersion = "Xcode 3.2";
			developmentRegion = English;
			hasScannedForEncodings = 0;
			knownRegions = (
				en,
				Base,
			);
			mainGroup = 756085431CDC36C1000B4199;
			productRefGroup = 7560854D1CDC36C1000B4199 /* Products */;
			projectDirPath = "";
			projectRoot = "";
			targets = (
				7560854B1CDC36C1000B4199 /* todoappgame */,
			);
		};
/* End PBXProject section */

/* Begin PBXResourcesBuildPhase section */
		7560854A1CDC36C1000B4199 /* Resources */ = {
			isa = PBXResourcesBuildPhase;
			buildActionMask = 2147483647;
			files = (
				7543C9641CDD27C700E0E180 /* GameStatusView.xib in Resources */,
				7560855F1CDC36C2000B4199 /* LaunchScreen.storyboard in Resources */,
				7551869A1CDEEFF200B8AF56 /* chime_lite_ding_hi2.wav in Resources */,
				755186941CDEE61B00B8AF56 /* etc_error_swipe_1x.wav in Resources */,
				7543C9751CDD539400E0E180 /* chime_point.wav in Resources */,
				755186981CDEEEEA00B8AF56 /* chime_clickbell_octave_lo.wav in Resources */,
				7560855C1CDC36C2000B4199 /* Assets.xcassets in Resources */,
				7543C9731CDD539400E0E180 /* chime_game_over.wav in Resources */,
				7543C9761CDD539400E0E180 /* chime_start.wav in Resources */,
				750DF2BB1CDCEA7E0085CB22 /* data.yml in Resources */,
				755186961CDEED9500B8AF56 /* chime_clickbell_question.wav in Resources */,
				7543C9721CDD539400E0E180 /* chime_done.wav in Resources */,
				750DF2BD1CDCEBE40085CB22 /* data.json in Resources */,
				7543C9741CDD539400E0E180 /* chime_pause.wav in Resources */,
				7560855A1CDC36C2000B4199 /* Main.storyboard in Resources */,
			);
			runOnlyForDeploymentPostprocessing = 0;
		};
/* End PBXResourcesBuildPhase section */

/* Begin PBXShellScriptBuildPhase section */
		A0153706EF1A517A63A69ECF /* Check Pods Manifest.lock */ = {
			isa = PBXShellScriptBuildPhase;
			buildActionMask = 2147483647;
			files = (
			);
			inputPaths = (
			);
			name = "Check Pods Manifest.lock";
			outputPaths = (
			);
			runOnlyForDeploymentPostprocessing = 0;
			shellPath = /bin/sh;
			shellScript = "diff \"${PODS_ROOT}/../Podfile.lock\" \"${PODS_ROOT}/Manifest.lock\" > /dev/null\nif [[ $? != 0 ]] ; then\n    cat << EOM\nerror: The sandbox is not in sync with the Podfile.lock. Run 'pod install' or update your CocoaPods installation.\nEOM\n    exit 1\nfi\n";
			showEnvVarsInLog = 0;
		};
		B631C6B0FE8779D704D4A973 /* Copy Pods Resources */ = {
			isa = PBXShellScriptBuildPhase;
			buildActionMask = 2147483647;
			files = (
			);
			inputPaths = (
			);
			name = "Copy Pods Resources";
			outputPaths = (
			);
			runOnlyForDeploymentPostprocessing = 0;
			shellPath = /bin/sh;
			shellScript = "\"${SRCROOT}/Pods/Target Support Files/Pods-todoappgame/Pods-todoappgame-resources.sh\"\n";
			showEnvVarsInLog = 0;
		};
		D68C2BD31677C7FDC1990169 /* Embed Pods Frameworks */ = {
			isa = PBXShellScriptBuildPhase;
			buildActionMask = 2147483647;
			files = (
			);
			inputPaths = (
			);
			name = "Embed Pods Frameworks";
			outputPaths = (
			);
			runOnlyForDeploymentPostprocessing = 0;
			shellPath = /bin/sh;
			shellScript = "\"${SRCROOT}/Pods/Target Support Files/Pods-todoappgame/Pods-todoappgame-frameworks.sh\"\n";
			showEnvVarsInLog = 0;
		};
/* End PBXShellScriptBuildPhase section */

/* Begin PBXSourcesBuildPhase section */
		756085481CDC36C1000B4199 /* Sources */ = {
			isa = PBXSourcesBuildPhase;
			buildActionMask = 2147483647;
			files = (
				7543C9661CDD290500E0E180 /* GameStatusView.swift in Sources */,
				7543C9381CDD172000E0E180 /* StoryboardReference.swift in Sources */,
				750DF2C41CDD04170085CB22 /* MainNavigationController.swift in Sources */,
				756085501CDC36C1000B4199 /* AppDelegate.swift in Sources */,
				7529C1471CDE3E6100EC2E5F /* SaveCell.swift in Sources */,
				7543C9781CDD53A900E0E180 /* Chirp.swift in Sources */,
				750DF2C21CDD036E0085CB22 /* ScoreView.swift in Sources */,
				7543C93C1CDD1A1C00E0E180 /* GameOverViewController.swift in Sources */,
				756085531CDC36C1000B4199 /* todoappgame.xcdatamodeld in Sources */,
				7529C14F1CDEB49E00EC2E5F /* Score.swift in Sources */,
				750DF2C81CDD088D0085CB22 /* AnimationWindow.swift in Sources */,
				7543C9351CDD152300E0E180 /* PartialModalTransitioner.swift in Sources */,
				756085551CDC36C2000B4199 /* MasterViewController.swift in Sources */,
				7543C92F1CDD141A00E0E180 /* IntroductionViewController.swift in Sources */,
				7543C93F1CDD1B2C00E0E180 /* MenuViewController.swift in Sources */,
				7529C14D1CDEAEEC00EC2E5F /* Int+Radians.swift in Sources */,
				7543C9361CDD152300E0E180 /* PartialModalAnimatedTransitioning.swift in Sources */,
				750DF2CA1CDD08B60085CB22 /* PointsParticleAnimation.swift in Sources */,
				750DF2BF1CDCFF930085CB22 /* CollectionType+Shuffle.swift in Sources */,
				7543C92D1CDD139800E0E180 /* BorderedButton.swift in Sources */,
				75D51A601CDD9A2000942B20 /* Timer.swift in Sources */,
				7543C9341CDD152300E0E180 /* PartialModalPresentationController.swift in Sources */,
				7529C14B1CDEA69500EC2E5F /* Colors.swift in Sources */,
				750DF2B71CDCE53C0085CB22 /* Task+CoreDataProperties.swift in Sources */,
				7543C97B1CDD66AE00E0E180 /* TaskCell.swift in Sources */,
				7543C93A1CDD19F600E0E180 /* PauseViewController.swift in Sources */,
				75ED7C8F1CDF905F00A3D90C /* TaskManager.swift in Sources */,
				750DF2B81CDCE53C0085CB22 /* Task.swift in Sources */,
				7529C1451CDE3E4B00EC2E5F /* SubtaskCell.swift in Sources */,
				750DF2CD1CDD0E7D0085CB22 /* Notifications.swift in Sources */,
				756085571CDC36C2000B4199 /* DetailViewController.swift in Sources */,
				7543C9681CDD29D600E0E180 /* Game.swift in Sources */,
			);
			runOnlyForDeploymentPostprocessing = 0;
		};
/* End PBXSourcesBuildPhase section */

/* Begin PBXVariantGroup section */
		756085581CDC36C2000B4199 /* Main.storyboard */ = {
			isa = PBXVariantGroup;
			children = (
				756085591CDC36C2000B4199 /* Base */,
			);
			name = Main.storyboard;
			sourceTree = "<group>";
		};
		7560855D1CDC36C2000B4199 /* LaunchScreen.storyboard */ = {
			isa = PBXVariantGroup;
			children = (
				7560855E1CDC36C2000B4199 /* Base */,
			);
			name = LaunchScreen.storyboard;
			sourceTree = "<group>";
		};
/* End PBXVariantGroup section */

/* Begin XCBuildConfiguration section */
		756085611CDC36C2000B4199 /* Debug */ = {
			isa = XCBuildConfiguration;
			buildSettings = {
				ALWAYS_SEARCH_USER_PATHS = NO;
				CLANG_ANALYZER_NONNULL = YES;
				CLANG_CXX_LANGUAGE_STANDARD = "gnu++0x";
				CLANG_CXX_LIBRARY = "libc++";
				CLANG_ENABLE_MODULES = YES;
				CLANG_ENABLE_OBJC_ARC = YES;
				CLANG_WARN_BOOL_CONVERSION = YES;
				CLANG_WARN_CONSTANT_CONVERSION = YES;
				CLANG_WARN_DIRECT_OBJC_ISA_USAGE = YES_ERROR;
				CLANG_WARN_EMPTY_BODY = YES;
				CLANG_WARN_ENUM_CONVERSION = YES;
				CLANG_WARN_INT_CONVERSION = YES;
				CLANG_WARN_OBJC_ROOT_CLASS = YES_ERROR;
				CLANG_WARN_UNREACHABLE_CODE = YES;
				CLANG_WARN__DUPLICATE_METHOD_MATCH = YES;
				"CODE_SIGN_IDENTITY[sdk=iphoneos*]" = "iPhone Developer";
				COPY_PHASE_STRIP = NO;
				DEBUG_INFORMATION_FORMAT = dwarf;
				ENABLE_STRICT_OBJC_MSGSEND = YES;
				ENABLE_TESTABILITY = YES;
				GCC_C_LANGUAGE_STANDARD = gnu99;
				GCC_DYNAMIC_NO_PIC = NO;
				GCC_NO_COMMON_BLOCKS = YES;
				GCC_OPTIMIZATION_LEVEL = 0;
				GCC_PREPROCESSOR_DEFINITIONS = (
					"DEBUG=1",
					"$(inherited)",
				);
				GCC_WARN_64_TO_32_BIT_CONVERSION = YES;
				GCC_WARN_ABOUT_RETURN_TYPE = YES_ERROR;
				GCC_WARN_UNDECLARED_SELECTOR = YES;
				GCC_WARN_UNINITIALIZED_AUTOS = YES_AGGRESSIVE;
				GCC_WARN_UNUSED_FUNCTION = YES;
				GCC_WARN_UNUSED_VARIABLE = YES;
				IPHONEOS_DEPLOYMENT_TARGET = 9.3;
				MTL_ENABLE_DEBUG_INFO = YES;
				ONLY_ACTIVE_ARCH = YES;
				SDKROOT = iphoneos;
				SWIFT_OPTIMIZATION_LEVEL = "-Onone";
			};
			name = Debug;
		};
		756085621CDC36C2000B4199 /* Release */ = {
			isa = XCBuildConfiguration;
			buildSettings = {
				ALWAYS_SEARCH_USER_PATHS = NO;
				CLANG_ANALYZER_NONNULL = YES;
				CLANG_CXX_LANGUAGE_STANDARD = "gnu++0x";
				CLANG_CXX_LIBRARY = "libc++";
				CLANG_ENABLE_MODULES = YES;
				CLANG_ENABLE_OBJC_ARC = YES;
				CLANG_WARN_BOOL_CONVERSION = YES;
				CLANG_WARN_CONSTANT_CONVERSION = YES;
				CLANG_WARN_DIRECT_OBJC_ISA_USAGE = YES_ERROR;
				CLANG_WARN_EMPTY_BODY = YES;
				CLANG_WARN_ENUM_CONVERSION = YES;
				CLANG_WARN_INT_CONVERSION = YES;
				CLANG_WARN_OBJC_ROOT_CLASS = YES_ERROR;
				CLANG_WARN_UNREACHABLE_CODE = YES;
				CLANG_WARN__DUPLICATE_METHOD_MATCH = YES;
				"CODE_SIGN_IDENTITY[sdk=iphoneos*]" = "iPhone Developer";
				COPY_PHASE_STRIP = NO;
				DEBUG_INFORMATION_FORMAT = "dwarf-with-dsym";
				ENABLE_NS_ASSERTIONS = NO;
				ENABLE_STRICT_OBJC_MSGSEND = YES;
				GCC_C_LANGUAGE_STANDARD = gnu99;
				GCC_NO_COMMON_BLOCKS = YES;
				GCC_WARN_64_TO_32_BIT_CONVERSION = YES;
				GCC_WARN_ABOUT_RETURN_TYPE = YES_ERROR;
				GCC_WARN_UNDECLARED_SELECTOR = YES;
				GCC_WARN_UNINITIALIZED_AUTOS = YES_AGGRESSIVE;
				GCC_WARN_UNUSED_FUNCTION = YES;
				GCC_WARN_UNUSED_VARIABLE = YES;
				IPHONEOS_DEPLOYMENT_TARGET = 9.3;
				MTL_ENABLE_DEBUG_INFO = NO;
				SDKROOT = iphoneos;
				VALIDATE_PRODUCT = YES;
			};
			name = Release;
		};
		756085641CDC36C2000B4199 /* Debug */ = {
			isa = XCBuildConfiguration;
			baseConfigurationReference = 6377B922A9F5B4B18F70B49D /* Pods-todoappgame.debug.xcconfig */;
			buildSettings = {
				ASSETCATALOG_COMPILER_APPICON_NAME = AppIcon;
				CODE_SIGN_IDENTITY = "iPhone Developer";
				INFOPLIST_FILE = todoappgame/Info.plist;
				IPHONEOS_DEPLOYMENT_TARGET = 9.0;
				LD_RUNPATH_SEARCH_PATHS = "$(inherited) @executable_path/Frameworks";
				PRODUCT_BUNDLE_IDENTIFIER = ca.bitwit.todoappgame;
				PRODUCT_NAME = "$(TARGET_NAME)";
				PROVISIONING_PROFILE = "";
			};
			name = Debug;
		};
		756085651CDC36C2000B4199 /* Release */ = {
			isa = XCBuildConfiguration;
			baseConfigurationReference = F0466DA7D813C19DC4CD9CE5 /* Pods-todoappgame.release.xcconfig */;
			buildSettings = {
				ASSETCATALOG_COMPILER_APPICON_NAME = AppIcon;
				CODE_SIGN_IDENTITY = "iPhone Distribution: Kyle Newsome (334Q375TSA)";
				INFOPLIST_FILE = todoappgame/Info.plist;
				IPHONEOS_DEPLOYMENT_TARGET = 9.0;
				LD_RUNPATH_SEARCH_PATHS = "$(inherited) @executable_path/Frameworks";
				PRODUCT_BUNDLE_IDENTIFIER = ca.bitwit.todoappgame;
				PRODUCT_NAME = "$(TARGET_NAME)";
				PROVISIONING_PROFILE = "c9c36c28-f07a-4667-9762-08cda494d8b9";
			};
			name = Release;
		};
/* End XCBuildConfiguration section */

/* Begin XCConfigurationList section */
		756085471CDC36C1000B4199 /* Build configuration list for PBXProject "todoappgame" */ = {
			isa = XCConfigurationList;
			buildConfigurations = (
				756085611CDC36C2000B4199 /* Debug */,
				756085621CDC36C2000B4199 /* Release */,
			);
			defaultConfigurationIsVisible = 0;
			defaultConfigurationName = Release;
		};
		756085631CDC36C2000B4199 /* Build configuration list for PBXNativeTarget "todoappgame" */ = {
			isa = XCConfigurationList;
			buildConfigurations = (
				756085641CDC36C2000B4199 /* Debug */,
				756085651CDC36C2000B4199 /* Release */,
			);
			defaultConfigurationIsVisible = 0;
			defaultConfigurationName = Release;
		};
/* End XCConfigurationList section */

/* Begin XCVersionGroup section */
		756085511CDC36C1000B4199 /* todoappgame.xcdatamodeld */ = {
			isa = XCVersionGroup;
			children = (
				756085521CDC36C1000B4199 /* todoappgame.xcdatamodel */,
			);
			currentVersion = 756085521CDC36C1000B4199 /* todoappgame.xcdatamodel */;
			path = todoappgame.xcdatamodeld;
			sourceTree = "<group>";
			versionGroupType = wrapper.xcdatamodel;
		};
/* End XCVersionGroup section */
	};
	rootObject = 756085441CDC36C1000B4199 /* Project object */;
}
